<?xml version="1.0" encoding="utf-8"?>
<Project ToolsVersion="4.0" xmlns="http://schemas.microsoft.com/developer/msbuild/2003">
  <ItemGroup>
    <Filter Include="src">
      <UniqueIdentifier>{c4a2ab10-8ad4-42b5-bf50-28556d14e0ad}</UniqueIdentifier>
    </Filter>
    <Filter Include="src\hash">
      <UniqueIdentifier>{4233ecc4-aea1-4bad-86bc-7bc76c9ba3a9}</UniqueIdentifier>
    </Filter>
    <Filter Include="src\transports">
      <UniqueIdentifier>{2c12238b-1685-4279-a2ad-84eac12b8a7c}</UniqueIdentifier>
    </Filter>
    <Filter Include="src\xdiff">
      <UniqueIdentifier>{8a3b2ea5-6fc1-4c06-83e4-c462ab201b45}</UniqueIdentifier>
    </Filter>
  </ItemGroup>
  <ItemGroup>
    <ClInclude Include="$(MSBuildThisFileDirectory)..\modules\libgit2\src\refdb_fs.h">
      <Filter>src</Filter>
    </ClInclude>
    <ClInclude Include="$(MSBuildThisFileDirectory)..\modules\libgit2\src\reflog.h">
      <Filter>src</Filter>
    </ClInclude>
    <ClInclude Include="$(MSBuildThisFileDirectory)..\modules\libgit2\src\refs.h">
      <Filter>src</Filter>
    </ClInclude>
    <ClInclude Include="$(MSBuildThisFileDirectory)..\modules\libgit2\src\refspec.h">
      <Filter>src</Filter>
    </ClInclude>
    <ClInclude Include="$(MSBuildThisFileDirectory)..\modules\libgit2\src\remote.h">
      <Filter>src</Filter>
    </ClInclude>
    <ClInclude Include="$(MSBuildThisFileDirectory)..\modules\libgit2\src\repo_template.h">
      <Filter>src</Filter>
    </ClInclude>
    <ClInclude Include="$(MSBuildThisFileDirectory)..\modules\libgit2\src\repository.h">
      <Filter>src</Filter>
    </ClInclude>
    <ClInclude Include="$(MSBuildThisFileDirectory)..\modules\libgit2\src\revwalk.h">
      <Filter>src</Filter>
    </ClInclude>
    <ClInclude Include="$(MSBuildThisFileDirectory)..\modules\libgit2\src\sha1_lookup.h">
      <Filter>src</Filter>
    </ClInclude>
    <ClInclude Include="$(MSBuildThisFileDirectory)..\modules\libgit2\src\signature.h">
      <Filter>src</Filter>
    </ClInclude>
    <ClInclude Include="$(MSBuildThisFileDirectory)..\modules\libgit2\src\socket_stream.h">
      <Filter>src</Filter>
    </ClInclude>
    <ClInclude Include="$(MSBuildThisFileDirectory)..\modules\libgit2\src\sortedcache.h">
      <Filter>src</Filter>
    </ClInclude>
    <ClInclude Include="$(MSBuildThisFileDirectory)..\modules\libgit2\src\status.h">
      <Filter>src</Filter>
    </ClInclude>
    <ClInclude Include="$(MSBuildThisFileDirectory)..\modules\libgit2\src\stransport_stream.h">
      <Filter>src</Filter>
    </ClInclude>
    <ClInclude Include="$(MSBuildThisFileDirectory)..\modules\libgit2\src\stream.h">
      <Filter>src</Filter>
    </ClInclude>
    <ClInclude Include="$(MSBuildThisFileDirectory)..\modules\libgit2\src\strmap.h">
      <Filter>src</Filter>
    </ClInclude>
    <ClInclude Include="$(MSBuildThisFileDirectory)..\modules\libgit2\src\strnlen.h">
      <Filter>src</Filter>
    </ClInclude>
    <ClInclude Include="$(MSBuildThisFileDirectory)..\modules\libgit2\src\submodule.h">
      <Filter>src</Filter>
    </ClInclude>
    <ClInclude Include="$(MSBuildThisFileDirectory)..\modules\libgit2\src\sysdir.h">
      <Filter>src</Filter>
    </ClInclude>
    <ClInclude Include="$(MSBuildThisFileDirectory)..\modules\libgit2\src\tag.h">
      <Filter>src</Filter>
    </ClInclude>
    <ClInclude Include="$(MSBuildThisFileDirectory)..\modules\libgit2\src\thread-utils.h">
      <Filter>src</Filter>
    </ClInclude>
    <ClInclude Include="$(MSBuildThisFileDirectory)..\modules\libgit2\src\tls_stream.h">
      <Filter>src</Filter>
    </ClInclude>
    <ClInclude Include="$(MSBuildThisFileDirectory)..\modules\libgit2\src\trace.h">
      <Filter>src</Filter>
    </ClInclude>
    <ClInclude Include="$(MSBuildThisFileDirectory)..\modules\libgit2\src\transaction.h">
      <Filter>src</Filter>
    </ClInclude>
    <ClInclude Include="$(MSBuildThisFileDirectory)..\modules\libgit2\src\tree.h">
      <Filter>src</Filter>
    </ClInclude>
    <ClInclude Include="$(MSBuildThisFileDirectory)..\modules\libgit2\src\tree-cache.h">
      <Filter>src</Filter>
    </ClInclude>
    <ClInclude Include="$(MSBuildThisFileDirectory)..\modules\libgit2\src\userdiff.h">
      <Filter>src</Filter>
    </ClInclude>
    <ClInclude Include="$(MSBuildThisFileDirectory)..\modules\libgit2\src\util.h">
      <Filter>src</Filter>
    </ClInclude>
    <ClInclude Include="$(MSBuildThisFileDirectory)..\modules\libgit2\src\vector.h">
      <Filter>src</Filter>
    </ClInclude>
    <ClInclude Include="$(MSBuildThisFileDirectory)..\modules\libgit2\src\zstream.h">
      <Filter>src</Filter>
    </ClInclude>
    <ClInclude Include="$(MSBuildThisFileDirectory)..\modules\libgit2\src\annotated_commit.h">
      <Filter>src</Filter>
    </ClInclude>
    <ClInclude Include="$(MSBuildThisFileDirectory)..\modules\libgit2\src\array.h">
      <Filter>src</Filter>
    </ClInclude>
    <ClInclude Include="$(MSBuildThisFileDirectory)..\modules\libgit2\src\attr.h">
      <Filter>src</Filter>
    </ClInclude>
    <ClInclude Include="$(MSBuildThisFileDirectory)..\modules\libgit2\src\attr_file.h">
      <Filter>src</Filter>
    </ClInclude>
    <ClInclude Include="$(MSBuildThisFileDirectory)..\modules\libgit2\src\attrcache.h">
      <Filter>src</Filter>
    </ClInclude>
    <ClInclude Include="$(MSBuildThisFileDirectory)..\modules\libgit2\src\bitvec.h">
      <Filter>src</Filter>
    </ClInclude>
    <ClInclude Include="$(MSBuildThisFileDirectory)..\modules\libgit2\src\blame.h">
      <Filter>src</Filter>
    </ClInclude>
    <ClInclude Include="$(MSBuildThisFileDirectory)..\modules\libgit2\src\blame_git.h">
      <Filter>src</Filter>
    </ClInclude>
    <ClInclude Include="$(MSBuildThisFileDirectory)..\modules\libgit2\src\blob.h">
      <Filter>src</Filter>
    </ClInclude>
    <ClInclude Include="$(MSBuildThisFileDirectory)..\modules\libgit2\src\branch.h">
      <Filter>src</Filter>
    </ClInclude>
    <ClInclude Include="$(MSBuildThisFileDirectory)..\modules\libgit2\src\buf_text.h">
      <Filter>src</Filter>
    </ClInclude>
    <ClInclude Include="$(MSBuildThisFileDirectory)..\modules\libgit2\src\buffer.h">
      <Filter>src</Filter>
    </ClInclude>
    <ClInclude Include="$(MSBuildThisFileDirectory)..\modules\libgit2\src\cache.h">
      <Filter>src</Filter>
    </ClInclude>
    <ClInclude Include="$(MSBuildThisFileDirectory)..\modules\libgit2\src\cc-compat.h">
      <Filter>src</Filter>
    </ClInclude>
    <ClInclude Include="$(MSBuildThisFileDirectory)..\modules\libgit2\src\checkout.h">
      <Filter>src</Filter>
    </ClInclude>
    <ClInclude Include="$(MSBuildThisFileDirectory)..\modules\libgit2\src\clone.h">
      <Filter>src</Filter>
    </ClInclude>
    <ClInclude Include="$(MSBuildThisFileDirectory)..\modules\libgit2\src\commit.h">
      <Filter>src</Filter>
    </ClInclude>
    <ClInclude Include="$(MSBuildThisFileDirectory)..\modules\libgit2\src\commit_list.h">
      <Filter>src</Filter>
    </ClInclude>
    <ClInclude Include="$(MSBuildThisFileDirectory)..\modules\libgit2\src\common.h">
      <Filter>src</Filter>
    </ClInclude>
    <ClInclude Include="$(MSBuildThisFileDirectory)..\modules\libgit2\src\config.h">
      <Filter>src</Filter>
    </ClInclude>
    <ClInclude Include="$(MSBuildThisFileDirectory)..\modules\libgit2\src\config_file.h">
      <Filter>src</Filter>
    </ClInclude>
    <ClInclude Include="$(MSBuildThisFileDirectory)..\modules\libgit2\src\curl_stream.h">
      <Filter>src</Filter>
    </ClInclude>
    <ClInclude Include="$(MSBuildThisFileDirectory)..\modules\libgit2\src\delta.h">
      <Filter>src</Filter>
    </ClInclude>
    <ClInclude Include="$(MSBuildThisFileDirectory)..\modules\libgit2\src\delta-apply.h">
      <Filter>src</Filter>
    </ClInclude>
    <ClInclude Include="$(MSBuildThisFileDirectory)..\modules\libgit2\src\diff.h">
      <Filter>src</Filter>
    </ClInclude>
    <ClInclude Include="$(MSBuildThisFileDirectory)..\modules\libgit2\src\diff_driver.h">
      <Filter>src</Filter>
    </ClInclude>
    <ClInclude Include="$(MSBuildThisFileDirectory)..\modules\libgit2\src\diff_file.h">
      <Filter>src</Filter>
    </ClInclude>
    <ClInclude Include="$(MSBuildThisFileDirectory)..\modules\libgit2\src\diff_patch.h">
      <Filter>src</Filter>
    </ClInclude>
    <ClInclude Include="$(MSBuildThisFileDirectory)..\modules\libgit2\src\diff_xdiff.h">
      <Filter>src</Filter>
    </ClInclude>
    <ClInclude Include="$(MSBuildThisFileDirectory)..\modules\libgit2\src\fetch.h">
      <Filter>src</Filter>
    </ClInclude>
    <ClInclude Include="$(MSBuildThisFileDirectory)..\modules\libgit2\src\fetchhead.h">
      <Filter>src</Filter>
    </ClInclude>
    <ClInclude Include="$(MSBuildThisFileDirectory)..\modules\libgit2\src\filebuf.h">
      <Filter>src</Filter>
    </ClInclude>
    <ClInclude Include="$(MSBuildThisFileDirectory)..\modules\libgit2\src\fileops.h">
      <Filter>src</Filter>
    </ClInclude>
    <ClInclude Include="$(MSBuildThisFileDirectory)..\modules\libgit2\src\filter.h">
      <Filter>src</Filter>
    </ClInclude>
    <ClInclude Include="$(MSBuildThisFileDirectory)..\modules\libgit2\src\fnmatch.h">
      <Filter>src</Filter>
    </ClInclude>
    <ClInclude Include="$(MSBuildThisFileDirectory)..\modules\libgit2\src\global.h">
      <Filter>src</Filter>
    </ClInclude>
    <ClInclude Include="$(MSBuildThisFileDirectory)..\modules\libgit2\src\hash.h">
      <Filter>src</Filter>
    </ClInclude>
    <ClInclude Include="$(MSBuildThisFileDirectory)..\modules\libgit2\src\idxmap.h">
      <Filter>src</Filter>
    </ClInclude>
    <ClInclude Include="$(MSBuildThisFileDirectory)..\modules\libgit2\src\ignore.h">
      <Filter>src</Filter>
    </ClInclude>
    <ClInclude Include="$(MSBuildThisFileDirectory)..\modules\libgit2\src\index.h">
      <Filter>src</Filter>
    </ClInclude>
    <ClInclude Include="$(MSBuildThisFileDirectory)..\modules\libgit2\src\integer.h">
      <Filter>src</Filter>
    </ClInclude>
    <ClInclude Include="$(MSBuildThisFileDirectory)..\modules\libgit2\src\iterator.h">
      <Filter>src</Filter>
    </ClInclude>
    <ClInclude Include="$(MSBuildThisFileDirectory)..\modules\libgit2\src\khash.h">
      <Filter>src</Filter>
    </ClInclude>
    <ClInclude Include="$(MSBuildThisFileDirectory)..\modules\libgit2\src\map.h">
      <Filter>src</Filter>
    </ClInclude>
    <ClInclude Include="$(MSBuildThisFileDirectory)..\modules\libgit2\src\merge.h">
      <Filter>src</Filter>
    </ClInclude>
    <ClInclude Include="$(MSBuildThisFileDirectory)..\modules\libgit2\src\message.h">
      <Filter>src</Filter>
    </ClInclude>
    <ClInclude Include="$(MSBuildThisFileDirectory)..\modules\libgit2\src\mwindow.h">
      <Filter>src</Filter>
    </ClInclude>
    <ClInclude Include="$(MSBuildThisFileDirectory)..\modules\libgit2\src\netops.h">
      <Filter>src</Filter>
    </ClInclude>
    <ClInclude Include="$(MSBuildThisFileDirectory)..\modules\libgit2\src\notes.h">
      <Filter>src</Filter>
    </ClInclude>
    <ClInclude Include="$(MSBuildThisFileDirectory)..\modules\libgit2\src\object.h">
      <Filter>src</Filter>
    </ClInclude>
    <ClInclude Include="$(MSBuildThisFileDirectory)..\modules\libgit2\src\odb.h">
      <Filter>src</Filter>
    </ClInclude>
    <ClInclude Include="$(MSBuildThisFileDirectory)..\modules\libgit2\src\offmap.h">
      <Filter>src</Filter>
    </ClInclude>
    <ClInclude Include="$(MSBuildThisFileDirectory)..\modules\libgit2\src\oid.h">
      <Filter>src</Filter>
    </ClInclude>
    <ClInclude Include="$(MSBuildThisFileDirectory)..\modules\libgit2\src\oidarray.h">
      <Filter>src</Filter>
    </ClInclude>
    <ClInclude Include="$(MSBuildThisFileDirectory)..\modules\libgit2\src\oidmap.h">
      <Filter>src</Filter>
    </ClInclude>
    <ClInclude Include="$(MSBuildThisFileDirectory)..\modules\libgit2\src\openssl_stream.h">
      <Filter>src</Filter>
    </ClInclude>
    <ClInclude Include="$(MSBuildThisFileDirectory)..\modules\libgit2\src\pack.h">
      <Filter>src</Filter>
    </ClInclude>
    <ClInclude Include="$(MSBuildThisFileDirectory)..\modules\libgit2\src\pack-objects.h">
      <Filter>src</Filter>
    </ClInclude>
    <ClInclude Include="$(MSBuildThisFileDirectory)..\modules\libgit2\src\path.h">
      <Filter>src</Filter>
    </ClInclude>
    <ClInclude Include="$(MSBuildThisFileDirectory)..\modules\libgit2\src\pathspec.h">
      <Filter>src</Filter>
    </ClInclude>
    <ClInclude Include="$(MSBuildThisFileDirectory)..\modules\libgit2\src\pool.h">
      <Filter>src</Filter>
    </ClInclude>
    <ClInclude Include="$(MSBuildThisFileDirectory)..\modules\libgit2\src\posix.h">
      <Filter>src</Filter>
    </ClInclude>
    <ClInclude Include="$(MSBuildThisFileDirectory)..\modules\libgit2\src\pqueue.h">
      <Filter>src</Filter>
    </ClInclude>
    <ClInclude Include="$(MSBuildThisFileDirectory)..\modules\libgit2\src\push.h">
      <Filter>src</Filter>
    </ClInclude>
    <ClInclude Include="$(MSBuildThisFileDirectory)..\modules\libgit2\src\refdb.h">
      <Filter>src</Filter>
    </ClInclude>
    <ClInclude Include="$(MSBuildThisFileDirectory)..\modules\libgit2\src\hash\hash_generic.h">
      <Filter>src\hash</Filter>
    </ClInclude>
    <ClInclude Include="$(MSBuildThisFileDirectory)..\modules\libgit2\src\hash\hash_common_crypto.h">
      <Filter>src\hash</Filter>
    </ClInclude>
    <ClInclude Include="$(MSBuildThisFileDirectory)..\modules\libgit2\src\transports\auth.h">
      <Filter>src\transports</Filter>
    </ClInclude>
    <ClInclude Include="$(MSBuildThisFileDirectory)..\modules\libgit2\src\transports\auth_negotiate.h">
      <Filter>src\transports</Filter>
    </ClInclude>
    <ClInclude Include="$(MSBuildThisFileDirectory)..\modules\libgit2\src\transports\cred.h">
      <Filter>src\transports</Filter>
    </ClInclude>
    <ClInclude Include="$(MSBuildThisFileDirectory)..\modules\libgit2\src\transports\smart.h">
      <Filter>src\transports</Filter>
    </ClInclude>
    <ClInclude Include="$(MSBuildThisFileDirectory)..\modules\libgit2\src\xdiff\xdiff.h">
      <Filter>src\xdiff</Filter>
    </ClInclude>
    <ClInclude Include="$(MSBuildThisFileDirectory)..\modules\libgit2\src\xdiff\xdiffi.h">
      <Filter>src\xdiff</Filter>
    </ClInclude>
    <ClInclude Include="$(MSBuildThisFileDirectory)..\modules\libgit2\src\xdiff\xemit.h">
      <Filter>src\xdiff</Filter>
    </ClInclude>
    <ClInclude Include="$(MSBuildThisFileDirectory)..\modules\libgit2\src\xdiff\xinclude.h">
      <Filter>src\xdiff</Filter>
    </ClInclude>
    <ClInclude Include="$(MSBuildThisFileDirectory)..\modules\libgit2\src\xdiff\xmacros.h">
      <Filter>src\xdiff</Filter>
    </ClInclude>
    <ClInclude Include="$(MSBuildThisFileDirectory)..\modules\libgit2\src\xdiff\xprepare.h">
      <Filter>src\xdiff</Filter>
    </ClInclude>
    <ClInclude Include="$(MSBuildThisFileDirectory)..\modules\libgit2\src\xdiff\xtypes.h">
      <Filter>src\xdiff</Filter>
    </ClInclude>
    <ClInclude Include="$(MSBuildThisFileDirectory)..\modules\libgit2\src\xdiff\xutils.h">
      <Filter>src\xdiff</Filter>
    </ClInclude>
  </ItemGroup>
  <ItemGroup>
    <ClCompile Include="$(MSBuildThisFileDirectory)..\modules\libgit2\src\annotated_commit.c">
      <Filter>src</Filter>
    </ClCompile>
    <ClCompile Include="$(MSBuildThisFileDirectory)..\modules\libgit2\src\attr.c">
      <Filter>src</Filter>
    </ClCompile>
    <ClCompile Include="$(MSBuildThisFileDirectory)..\modules\libgit2\src\attr_file.c">
      <Filter>src</Filter>
    </ClCompile>
    <ClCompile Include="$(MSBuildThisFileDirectory)..\modules\libgit2\src\attrcache.c">
      <Filter>src</Filter>
    </ClCompile>
    <ClCompile Include="$(MSBuildThisFileDirectory)..\modules\libgit2\src\blame.c">
      <Filter>src</Filter>
    </ClCompile>
    <ClCompile Include="$(MSBuildThisFileDirectory)..\modules\libgit2\src\blame_git.c">
      <Filter>src</Filter>
    </ClCompile>
    <ClCompile Include="$(MSBuildThisFileDirectory)..\modules\libgit2\src\blob.c">
      <Filter>src</Filter>
    </ClCompile>
    <ClCompile Include="$(MSBuildThisFileDirectory)..\modules\libgit2\src\branch.c">
      <Filter>src</Filter>
    </ClCompile>
    <ClCompile Include="$(MSBuildThisFileDirectory)..\modules\libgit2\src\buf_text.c">
      <Filter>src</Filter>
    </ClCompile>
    <ClCompile Include="$(MSBuildThisFileDirectory)..\modules\libgit2\src\buffer.c">
      <Filter>src</Filter>
    </ClCompile>
    <ClCompile Include="$(MSBuildThisFileDirectory)..\modules\libgit2\src\cache.c">
      <Filter>src</Filter>
    </ClCompile>
    <ClCompile Include="$(MSBuildThisFileDirectory)..\modules\libgit2\src\checkout.c">
      <Filter>src</Filter>
    </ClCompile>
    <ClCompile Include="$(MSBuildThisFileDirectory)..\modules\libgit2\src\cherrypick.c">
      <Filter>src</Filter>
    </ClCompile>
    <ClCompile Include="$(MSBuildThisFileDirectory)..\modules\libgit2\src\clone.c">
      <Filter>src</Filter>
    </ClCompile>
    <ClCompile Include="$(MSBuildThisFileDirectory)..\modules\libgit2\src\commit.c">
      <Filter>src</Filter>
    </ClCompile>
    <ClCompile Include="$(MSBuildThisFileDirectory)..\modules\libgit2\src\commit_list.c">
      <Filter>src</Filter>
    </ClCompile>
    <ClCompile Include="$(MSBuildThisFileDirectory)..\modules\libgit2\src\config.c">
      <Filter>src</Filter>
    </ClCompile>
    <ClCompile Include="$(MSBuildThisFileDirectory)..\modules\libgit2\src\config_cache.c">
      <Filter>src</Filter>
    </ClCompile>
    <ClCompile Include="$(MSBuildThisFileDirectory)..\modules\libgit2\src\config_file.c">
      <Filter>src</Filter>
    </ClCompile>
    <ClCompile Include="$(MSBuildThisFileDirectory)..\modules\libgit2\src\crlf.c">
      <Filter>src</Filter>
    </ClCompile>
    <ClCompile Include="$(MSBuildThisFileDirectory)..\modules\libgit2\src\curl_stream.c">
      <Filter>src</Filter>
    </ClCompile>
    <ClCompile Include="$(MSBuildThisFileDirectory)..\modules\libgit2\src\date.c">
      <Filter>src</Filter>
    </ClCompile>
    <ClCompile Include="$(MSBuildThisFileDirectory)..\modules\libgit2\src\delta.c">
      <Filter>src</Filter>
    </ClCompile>
    <ClCompile Include="$(MSBuildThisFileDirectory)..\modules\libgit2\src\delta-apply.c">
      <Filter>src</Filter>
    </ClCompile>
    <ClCompile Include="$(MSBuildThisFileDirectory)..\modules\libgit2\src\describe.c">
      <Filter>src</Filter>
    </ClCompile>
    <ClCompile Include="$(MSBuildThisFileDirectory)..\modules\libgit2\src\diff.c">
      <Filter>src</Filter>
    </ClCompile>
    <ClCompile Include="$(MSBuildThisFileDirectory)..\modules\libgit2\src\diff_driver.c">
      <Filter>src</Filter>
    </ClCompile>
    <ClCompile Include="$(MSBuildThisFileDirectory)..\modules\libgit2\src\diff_file.c">
      <Filter>src</Filter>
    </ClCompile>
    <ClCompile Include="$(MSBuildThisFileDirectory)..\modules\libgit2\src\diff_patch.c">
      <Filter>src</Filter>
    </ClCompile>
    <ClCompile Include="$(MSBuildThisFileDirectory)..\modules\libgit2\src\diff_print.c">
      <Filter>src</Filter>
    </ClCompile>
    <ClCompile Include="$(MSBuildThisFileDirectory)..\modules\libgit2\src\diff_stats.c">
      <Filter>src</Filter>
    </ClCompile>
    <ClCompile Include="$(MSBuildThisFileDirectory)..\modules\libgit2\src\diff_tform.c">
      <Filter>src</Filter>
    </ClCompile>
    <ClCompile Include="$(MSBuildThisFileDirectory)..\modules\libgit2\src\diff_xdiff.c">
      <Filter>src</Filter>
    </ClCompile>
    <ClCompile Include="$(MSBuildThisFileDirectory)..\modules\libgit2\src\errors.c">
      <Filter>src</Filter>
    </ClCompile>
    <ClCompile Include="$(MSBuildThisFileDirectory)..\modules\libgit2\src\fetch.c">
      <Filter>src</Filter>
    </ClCompile>
    <ClCompile Include="$(MSBuildThisFileDirectory)..\modules\libgit2\src\fetchhead.c">
      <Filter>src</Filter>
    </ClCompile>
    <ClCompile Include="$(MSBuildThisFileDirectory)..\modules\libgit2\src\filebuf.c">
      <Filter>src</Filter>
    </ClCompile>
    <ClCompile Include="$(MSBuildThisFileDirectory)..\modules\libgit2\src\fileops.c">
      <Filter>src</Filter>
    </ClCompile>
    <ClCompile Include="$(MSBuildThisFileDirectory)..\modules\libgit2\src\filter.c">
      <Filter>src</Filter>
    </ClCompile>
    <ClCompile Include="$(MSBuildThisFileDirectory)..\modules\libgit2\src\fnmatch.c">
      <Filter>src</Filter>
    </ClCompile>
    <ClCompile Include="$(MSBuildThisFileDirectory)..\modules\libgit2\src\global.c">
      <Filter>src</Filter>
    </ClCompile>
    <ClCompile Include="$(MSBuildThisFileDirectory)..\modules\libgit2\src\graph.c">
      <Filter>src</Filter>
    </ClCompile>
    <ClCompile Include="$(MSBuildThisFileDirectory)..\modules\libgit2\src\hash.c">
      <Filter>src</Filter>
    </ClCompile>
    <ClCompile Include="$(MSBuildThisFileDirectory)..\modules\libgit2\src\hashsig.c">
      <Filter>src</Filter>
    </ClCompile>
    <ClCompile Include="$(MSBuildThisFileDirectory)..\modules\libgit2\src\ident.c">
      <Filter>src</Filter>
    </ClCompile>
    <ClCompile Include="$(MSBuildThisFileDirectory)..\modules\libgit2\src\ignore.c">
      <Filter>src</Filter>
    </ClCompile>
    <ClCompile Include="$(MSBuildThisFileDirectory)..\modules\libgit2\src\index.c">
      <Filter>src</Filter>
    </ClCompile>
    <ClCompile Include="$(MSBuildThisFileDirectory)..\modules\libgit2\src\indexer.c">
      <Filter>src</Filter>
    </ClCompile>
    <ClCompile Include="$(MSBuildThisFileDirectory)..\modules\libgit2\src\iterator.c">
      <Filter>src</Filter>
    </ClCompile>
    <ClCompile Include="$(MSBuildThisFileDirectory)..\modules\libgit2\src\merge.c">
      <Filter>src</Filter>
    </ClCompile>
    <ClCompile Include="$(MSBuildThisFileDirectory)..\modules\libgit2\src\merge_file.c">
      <Filter>src</Filter>
    </ClCompile>
    <ClCompile Include="$(MSBuildThisFileDirectory)..\modules\libgit2\src\message.c">
      <Filter>src</Filter>
    </ClCompile>
    <ClCompile Include="$(MSBuildThisFileDirectory)..\modules\libgit2\src\mwindow.c">
      <Filter>src</Filter>
    </ClCompile>
    <ClCompile Include="$(MSBuildThisFileDirectory)..\modules\libgit2\src\netops.c">
      <Filter>src</Filter>
    </ClCompile>
    <ClCompile Include="$(MSBuildThisFileDirectory)..\modules\libgit2\src\notes.c">
      <Filter>src</Filter>
    </ClCompile>
    <ClCompile Include="$(MSBuildThisFileDirectory)..\modules\libgit2\src\object.c">
      <Filter>src</Filter>
    </ClCompile>
    <ClCompile Include="$(MSBuildThisFileDirectory)..\modules\libgit2\src\object_api.c">
      <Filter>src</Filter>
    </ClCompile>
    <ClCompile Include="$(MSBuildThisFileDirectory)..\modules\libgit2\src\odb.c">
      <Filter>src</Filter>
    </ClCompile>
    <ClCompile Include="$(MSBuildThisFileDirectory)..\modules\libgit2\src\odb_loose.c">
      <Filter>src</Filter>
    </ClCompile>
    <ClCompile Include="$(MSBuildThisFileDirectory)..\modules\libgit2\src\odb_mempack.c">
      <Filter>src</Filter>
    </ClCompile>
    <ClCompile Include="$(MSBuildThisFileDirectory)..\modules\libgit2\src\odb_pack.c">
      <Filter>src</Filter>
    </ClCompile>
    <ClCompile Include="$(MSBuildThisFileDirectory)..\modules\libgit2\src\oid.c">
      <Filter>src</Filter>
    </ClCompile>
    <ClCompile Include="$(MSBuildThisFileDirectory)..\modules\libgit2\src\oidarray.c">
      <Filter>src</Filter>
    </ClCompile>
    <ClCompile Include="$(MSBuildThisFileDirectory)..\modules\libgit2\src\openssl_stream.c">
      <Filter>src</Filter>
    </ClCompile>
    <ClCompile Include="$(MSBuildThisFileDirectory)..\modules\libgit2\src\pack.c">
      <Filter>src</Filter>
    </ClCompile>
    <ClCompile Include="$(MSBuildThisFileDirectory)..\modules\libgit2\src\pack-objects.c">
      <Filter>src</Filter>
    </ClCompile>
    <ClCompile Include="$(MSBuildThisFileDirectory)..\modules\libgit2\src\path.c">
      <Filter>src</Filter>
    </ClCompile>
    <ClCompile Include="$(MSBuildThisFileDirectory)..\modules\libgit2\src\pathspec.c">
      <Filter>src</Filter>
    </ClCompile>
    <ClCompile Include="$(MSBuildThisFileDirectory)..\modules\libgit2\src\pool.c">
      <Filter>src</Filter>
    </ClCompile>
    <ClCompile Include="$(MSBuildThisFileDirectory)..\modules\libgit2\src\posix.c">
      <Filter>src</Filter>
    </ClCompile>
    <ClCompile Include="$(MSBuildThisFileDirectory)..\modules\libgit2\src\pqueue.c">
      <Filter>src</Filter>
    </ClCompile>
    <ClCompile Include="$(MSBuildThisFileDirectory)..\modules\libgit2\src\push.c">
      <Filter>src</Filter>
    </ClCompile>
    <ClCompile Include="$(MSBuildThisFileDirectory)..\modules\libgit2\src\rebase.c">
      <Filter>src</Filter>
    </ClCompile>
    <ClCompile Include="$(MSBuildThisFileDirectory)..\modules\libgit2\src\refdb.c">
      <Filter>src</Filter>
    </ClCompile>
    <ClCompile Include="$(MSBuildThisFileDirectory)..\modules\libgit2\src\refdb_fs.c">
      <Filter>src</Filter>
    </ClCompile>
    <ClCompile Include="$(MSBuildThisFileDirectory)..\modules\libgit2\src\reflog.c">
      <Filter>src</Filter>
    </ClCompile>
    <ClCompile Include="$(MSBuildThisFileDirectory)..\modules\libgit2\src\refs.c">
      <Filter>src</Filter>
    </ClCompile>
    <ClCompile Include="$(MSBuildThisFileDirectory)..\modules\libgit2\src\refspec.c">
      <Filter>src</Filter>
    </ClCompile>
    <ClCompile Include="$(MSBuildThisFileDirectory)..\modules\libgit2\src\remote.c">
      <Filter>src</Filter>
    </ClCompile>
    <ClCompile Include="$(MSBuildThisFileDirectory)..\modules\libgit2\src\repository.c">
      <Filter>src</Filter>
    </ClCompile>
    <ClCompile Include="$(MSBuildThisFileDirectory)..\modules\libgit2\src\reset.c">
      <Filter>src</Filter>
    </ClCompile>
    <ClCompile Include="$(MSBuildThisFileDirectory)..\modules\libgit2\src\revert.c">
      <Filter>src</Filter>
    </ClCompile>
    <ClCompile Include="$(MSBuildThisFileDirectory)..\modules\libgit2\src\revparse.c">
      <Filter>src</Filter>
    </ClCompile>
    <ClCompile Include="$(MSBuildThisFileDirectory)..\modules\libgit2\src\revwalk.c">
      <Filter>src</Filter>
    </ClCompile>
    <ClCompile Include="$(MSBuildThisFileDirectory)..\modules\libgit2\src\settings.c">
      <Filter>src</Filter>
    </ClCompile>
    <ClCompile Include="$(MSBuildThisFileDirectory)..\modules\libgit2\src\sha1_lookup.c">
      <Filter>src</Filter>
    </ClCompile>
    <ClCompile Include="$(MSBuildThisFileDirectory)..\modules\libgit2\src\signature.c">
      <Filter>src</Filter>
    </ClCompile>
    <ClCompile Include="$(MSBuildThisFileDirectory)..\modules\libgit2\src\socket_stream.c">
      <Filter>src</Filter>
    </ClCompile>
    <ClCompile Include="$(MSBuildThisFileDirectory)..\modules\libgit2\src\sortedcache.c">
      <Filter>src</Filter>
    </ClCompile>
    <ClCompile Include="$(MSBuildThisFileDirectory)..\modules\libgit2\src\stash.c">
      <Filter>src</Filter>
    </ClCompile>
    <ClCompile Include="$(MSBuildThisFileDirectory)..\modules\libgit2\src\status.c">
      <Filter>src</Filter>
    </ClCompile>
    <ClCompile Include="$(MSBuildThisFileDirectory)..\modules\libgit2\src\stransport_stream.c">
      <Filter>src</Filter>
    </ClCompile>
    <ClCompile Include="$(MSBuildThisFileDirectory)..\modules\libgit2\src\strmap.c">
      <Filter>src</Filter>
    </ClCompile>
    <ClCompile Include="$(MSBuildThisFileDirectory)..\modules\libgit2\src\submodule.c">
      <Filter>src</Filter>
    </ClCompile>
    <ClCompile Include="$(MSBuildThisFileDirectory)..\modules\libgit2\src\sysdir.c">
      <Filter>src</Filter>
    </ClCompile>
    <ClCompile Include="$(MSBuildThisFileDirectory)..\modules\libgit2\src\tag.c">
      <Filter>src</Filter>
    </ClCompile>
    <ClCompile Include="$(MSBuildThisFileDirectory)..\modules\libgit2\src\thread-utils.c">
      <Filter>src</Filter>
    </ClCompile>
    <ClCompile Include="$(MSBuildThisFileDirectory)..\modules\libgit2\src\tls_stream.c">
      <Filter>src</Filter>
    </ClCompile>
    <ClCompile Include="$(MSBuildThisFileDirectory)..\modules\libgit2\src\trace.c">
      <Filter>src</Filter>
    </ClCompile>
    <ClCompile Include="$(MSBuildThisFileDirectory)..\modules\libgit2\src\transaction.c">
      <Filter>src</Filter>
    </ClCompile>
    <ClCompile Include="$(MSBuildThisFileDirectory)..\modules\libgit2\src\transport.c">
      <Filter>src</Filter>
    </ClCompile>
    <ClCompile Include="$(MSBuildThisFileDirectory)..\modules\libgit2\src\tree.c">
      <Filter>src</Filter>
    </ClCompile>
    <ClCompile Include="$(MSBuildThisFileDirectory)..\modules\libgit2\src\tree-cache.c">
      <Filter>src</Filter>
    </ClCompile>
    <ClCompile Include="$(MSBuildThisFileDirectory)..\modules\libgit2\src\tsort.c">
      <Filter>src</Filter>
    </ClCompile>
    <ClCompile Include="$(MSBuildThisFileDirectory)..\modules\libgit2\src\util.c">
      <Filter>src</Filter>
    </ClCompile>
    <ClCompile Include="$(MSBuildThisFileDirectory)..\modules\libgit2\src\vector.c">
      <Filter>src</Filter>
    </ClCompile>
    <ClCompile Include="$(MSBuildThisFileDirectory)..\modules\libgit2\src\zstream.c">
      <Filter>src</Filter>
    </ClCompile>
    <ClCompile Include="$(MSBuildThisFileDirectory)..\modules\libgit2\src\hash\hash_generic.c">
      <Filter>src\hash</Filter>
    </ClCompile>
    <ClCompile Include="$(MSBuildThisFileDirectory)..\modules\libgit2\src\transports\auth_negotiate.c">
      <Filter>src\transports</Filter>
    </ClCompile>
    <ClCompile Include="$(MSBuildThisFileDirectory)..\modules\libgit2\src\transports\cred.c">
      <Filter>src\transports</Filter>
    </ClCompile>
    <ClCompile Include="$(MSBuildThisFileDirectory)..\modules\libgit2\src\transports\cred_helpers.c">
      <Filter>src\transports</Filter>
    </ClCompile>
    <ClCompile Include="$(MSBuildThisFileDirectory)..\modules\libgit2\src\transports\git.c">
      <Filter>src\transports</Filter>
    </ClCompile>
    <ClCompile Include="$(MSBuildThisFileDirectory)..\modules\libgit2\src\transports\http.c">
      <Filter>src\transports</Filter>
    </ClCompile>
    <ClCompile Include="$(MSBuildThisFileDirectory)..\modules\libgit2\src\transports\local.c">
      <Filter>src\transports</Filter>
    </ClCompile>
    <ClCompile Include="$(MSBuildThisFileDirectory)..\modules\libgit2\src\transports\smart.c">
      <Filter>src\transports</Filter>
    </ClCompile>
    <ClCompile Include="$(MSBuildThisFileDirectory)..\modules\libgit2\src\transports\smart_pkt.c">
      <Filter>src\transports</Filter>
    </ClCompile>
    <ClCompile Include="$(MSBuildThisFileDirectory)..\modules\libgit2\src\transports\smart_protocol.c">
      <Filter>src\transports</Filter>
    </ClCompile>
    <ClCompile Include="$(MSBuildThisFileDirectory)..\modules\libgit2\src\transports\ssh.c">
      <Filter>src\transports</Filter>
    </ClCompile>
    <ClCompile Include="$(MSBuildThisFileDirectory)..\modules\libgit2\src\transports\winhttp.c">
      <Filter>src\transports</Filter>
    </ClCompile>
    <ClCompile Include="$(MSBuildThisFileDirectory)..\modules\libgit2\src\transports\auth.c">
      <Filter>src\transports</Filter>
    </ClCompile>
    <ClCompile Include="$(MSBuildThisFileDirectory)..\modules\libgit2\src\xdiff\xdiffi.c">
      <Filter>src\xdiff</Filter>
    </ClCompile>
    <ClCompile Include="$(MSBuildThisFileDirectory)..\modules\libgit2\src\xdiff\xemit.c">
      <Filter>src\xdiff</Filter>
    </ClCompile>
    <ClCompile Include="$(MSBuildThisFileDirectory)..\modules\libgit2\src\xdiff\xhistogram.c">
      <Filter>src\xdiff</Filter>
    </ClCompile>
    <ClCompile Include="$(MSBuildThisFileDirectory)..\modules\libgit2\src\xdiff\xmerge.c">
      <Filter>src\xdiff</Filter>
    </ClCompile>
    <ClCompile Include="$(MSBuildThisFileDirectory)..\modules\libgit2\src\xdiff\xpatience.c">
      <Filter>src\xdiff</Filter>
    </ClCompile>
    <ClCompile Include="$(MSBuildThisFileDirectory)..\modules\libgit2\src\xdiff\xprepare.c">
      <Filter>src\xdiff</Filter>
    </ClCompile>
    <ClCompile Include="$(MSBuildThisFileDirectory)..\modules\libgit2\src\xdiff\xutils.c">
      <Filter>src\xdiff</Filter>
    </ClCompile>
  </ItemGroup>
</Project>